
Microsoft Visual Studio Solution File, Format Version 11.00
# Visual Studio 2010
Project("{FAE04EC0-301F-11D3-BF4B-00C04F79EFBC}") = "RV_01", "Assembly-CSharp.csproj", "{B5067A31-A166-6369-1619-137CE9ECD565}"
EndProject
Project("{FAE04EC0-301F-11D3-BF4B-00C04F79EFBC}") = "RV_01", "Assembly-CSharp-Editor.csproj", "{B6BFF7CC-3B3E-C00A-7C2A-9CCF2F2A876D}"
EndProject
Global
	GlobalSection(SolutionConfigurationPlatforms) = preSolution
		Debug|Any CPU = Debug|Any CPU
		Release|Any CPU = Release|Any CPU
	EndGlobalSection
	GlobalSection(ProjectConfigurationPlatforms) = postSolution
		{B5067A31-A166-6369-1619-137CE9ECD565}.Debug|Any CPU.ActiveCfg = Debug|Any CPU
		{B5067A31-A166-6369-1619-137CE9ECD565}.Debug|Any CPU.Build.0 = Debug|Any CPU
		{B5067A31-A166-6369-1619-137CE9ECD565}.Release|Any CPU.ActiveCfg = Release|Any CPU
		{B5067A31-A166-6369-1619-137CE9ECD565}.Release|Any CPU.Build.0 = Release|Any CPU
		{B6BFF7CC-3B3E-C00A-7C2A-9CCF2F2A876D}.Debug|Any CPU.ActiveCfg = Debug|Any CPU
		{B6BFF7CC-3B3E-C00A-7C2A-9CCF2F2A876D}.Debug|Any CPU.Build.0 = Debug|Any CPU
		{B6BFF7CC-3B3E-C00A-7C2A-9CCF2F2A876D}.Release|Any CPU.ActiveCfg = Release|Any CPU
		{B6BFF7CC-3B3E-C00A-7C2A-9CCF2F2A876D}.Release|Any CPU.Build.0 = Release|Any CPU
	EndGlobalSection
	GlobalSection(SolutionProperties) = preSolution
		HideSolutionNode = FALSE
	EndGlobalSection
	GlobalSection(MonoDevelopProperties) = preSolution
		StartupItem = Assembly-CSharp.csproj
	EndGlobalSection
EndGlobal
